
Microsoft Visual Studio Solution File, Format Version 12.00
# Visual Studio 14
VisualStudioVersion = 14.0.25420.1
MinimumVisualStudioVersion = 10.0.40219.1
Project("{FAE04EC0-301F-11D3-BF4B-00C04F79EFBC}") = "FetchWP", "Fetch\FetchWP.csproj", "{A0748C45-160C-4C53-A60D-895E5CDC6967}"
EndProject
Project("{FAE04EC0-301F-11D3-BF4B-00C04F79EFBC}") = "ScrapeWP", "Scrape\ScrapeWP.csproj", "{CD22FC2C-0775-450D-B07A-940BE121216A}"
EndProject
Project("{2150E333-8FDC-42A3-9474-1A3956D46DE8}") = "Common", "Common", "{B660CCD0-4C28-451F-BF90-819BDE2065A0}"
EndProject
Project("{FAE04EC0-301F-11D3-BF4B-00C04F79EFBC}") = "Base", "Base\Base.csproj", "{85A5179D-5DF4-4A37-8423-86DD8752944F}"
EndProject
Project("{FAE04EC0-301F-11D3-BF4B-00C04F79EFBC}") = "Elements", "Elements\Elements.csproj", "{FCEBCB28-B8C6-4D46-967E-0BD4BF31F100}"
EndProject
Project("{2150E333-8FDC-42A3-9474-1A3956D46DE8}") = "Fetchers", "Fetchers", "{651AD1BF-6B05-441C-AB28-C5483C1E5B59}"
EndProject
Project("{FAE04EC0-301F-11D3-BF4B-00C04F79EFBC}") = "FetchDataNPL", "FetchDataNPL\FetchDataNPL.csproj", "{7C351781-E2C6-4181-93AA-99CE69386A2E}"
EndProject
Project("{FAE04EC0-301F-11D3-BF4B-00C04F79EFBC}") = "ConvertTables", "ConvertTables\ConvertTables.csproj", "{FDDE0537-7C1E-4BB6-A89E-7AF3BC32A128}"
EndProject
Project("{FAE04EC0-301F-11D3-BF4B-00C04F79EFBC}") = "PeriodicTable", "PeriodicTable\PeriodicTable.csproj", "{64FF7F8F-844C-4022-A240-1495ED818C58}"
EndProject
Global
	GlobalSection(SolutionConfigurationPlatforms) = preSolution
		Debug|Any CPU = Debug|Any CPU
		Release|Any CPU = Release|Any CPU
	EndGlobalSection
	GlobalSection(ProjectConfigurationPlatforms) = postSolution
		{A0748C45-160C-4C53-A60D-895E5CDC6967}.Debug|Any CPU.ActiveCfg = Debug|Any CPU
		{A0748C45-160C-4C53-A60D-895E5CDC6967}.Debug|Any CPU.Build.0 = Debug|Any CPU
		{A0748C45-160C-4C53-A60D-895E5CDC6967}.Release|Any CPU.ActiveCfg = Release|Any CPU
		{A0748C45-160C-4C53-A60D-895E5CDC6967}.Release|Any CPU.Build.0 = Release|Any CPU
		{CD22FC2C-0775-450D-B07A-940BE121216A}.Debug|Any CPU.ActiveCfg = Debug|Any CPU
		{CD22FC2C-0775-450D-B07A-940BE121216A}.Debug|Any CPU.Build.0 = Debug|Any CPU
		{CD22FC2C-0775-450D-B07A-940BE121216A}.Release|Any CPU.ActiveCfg = Release|Any CPU
		{CD22FC2C-0775-450D-B07A-940BE121216A}.Release|Any CPU.Build.0 = Release|Any CPU
		{85A5179D-5DF4-4A37-8423-86DD8752944F}.Debug|Any CPU.ActiveCfg = Debug|Any CPU
		{85A5179D-5DF4-4A37-8423-86DD8752944F}.Debug|Any CPU.Build.0 = Debug|Any CPU
		{85A5179D-5DF4-4A37-8423-86DD8752944F}.Release|Any CPU.ActiveCfg = Release|Any CPU
		{85A5179D-5DF4-4A37-8423-86DD8752944F}.Release|Any CPU.Build.0 = Release|Any CPU
		{FCEBCB28-B8C6-4D46-967E-0BD4BF31F100}.Debug|Any CPU.ActiveCfg = Debug|Any CPU
		{FCEBCB28-B8C6-4D46-967E-0BD4BF31F100}.Debug|Any CPU.Build.0 = Debug|Any CPU
		{FCEBCB28-B8C6-4D46-967E-0BD4BF31F100}.Release|Any CPU.ActiveCfg = Release|Any CPU
		{FCEBCB28-B8C6-4D46-967E-0BD4BF31F100}.Release|Any CPU.Build.0 = Release|Any CPU
		{7C351781-E2C6-4181-93AA-99CE69386A2E}.Debug|Any CPU.ActiveCfg = Debug|Any CPU
		{7C351781-E2C6-4181-93AA-99CE69386A2E}.Debug|Any CPU.Build.0 = Debug|Any CPU
		{7C351781-E2C6-4181-93AA-99CE69386A2E}.Release|Any CPU.ActiveCfg = Release|Any CPU
		{7C351781-E2C6-4181-93AA-99CE69386A2E}.Release|Any CPU.Build.0 = Release|Any CPU
		{FDDE0537-7C1E-4BB6-A89E-7AF3BC32A128}.Debug|Any CPU.ActiveCfg = Debug|Any CPU
		{FDDE0537-7C1E-4BB6-A89E-7AF3BC32A128}.Debug|Any CPU.Build.0 = Debug|Any CPU
		{FDDE0537-7C1E-4BB6-A89E-7AF3BC32A128}.Release|Any CPU.ActiveCfg = Release|Any CPU
		{FDDE0537-7C1E-4BB6-A89E-7AF3BC32A128}.Release|Any CPU.Build.0 = Release|Any CPU
		{64FF7F8F-844C-4022-A240-1495ED818C58}.Debug|Any CPU.ActiveCfg = Debug|Any CPU
		{64FF7F8F-844C-4022-A240-1495ED818C58}.Debug|Any CPU.Build.0 = Debug|Any CPU
		{64FF7F8F-844C-4022-A240-1495ED818C58}.Release|Any CPU.ActiveCfg = Release|Any CPU
		{64FF7F8F-844C-4022-A240-1495ED818C58}.Release|Any CPU.Build.0 = Release|Any CPU
	EndGlobalSection
	GlobalSection(SolutionProperties) = preSolution
		HideSolutionNode = FALSE
	EndGlobalSection
	GlobalSection(NestedProjects) = preSolution
		{A0748C45-160C-4C53-A60D-895E5CDC6967} = {651AD1BF-6B05-441C-AB28-C5483C1E5B59}
		{CD22FC2C-0775-450D-B07A-940BE121216A} = {651AD1BF-6B05-441C-AB28-C5483C1E5B59}
		{85A5179D-5DF4-4A37-8423-86DD8752944F} = {B660CCD0-4C28-451F-BF90-819BDE2065A0}
		{FCEBCB28-B8C6-4D46-967E-0BD4BF31F100} = {B660CCD0-4C28-451F-BF90-819BDE2065A0}
		{7C351781-E2C6-4181-93AA-99CE69386A2E} = {651AD1BF-6B05-441C-AB28-C5483C1E5B59}
		{FDDE0537-7C1E-4BB6-A89E-7AF3BC32A128} = {651AD1BF-6B05-441C-AB28-C5483C1E5B59}
	EndGlobalSection
EndGlobal
